
Microsoft Visual Studio Solution File, Format Version 12.00
# Visual Studio Version 16
VisualStudioVersion = 16.0.30804.86
MinimumVisualStudioVersion = 10.0.40219.1
Project("{F184B08F-C81C-45F6-A57F-5ABD9991F28F}") = "MyWindowsService", "MyWindowsService.vbproj", "{EF71CFBB-59B3-4638-BD6E-5BACF74B569F}"
EndProject
Global
	GlobalSection(SolutionConfigurationPlatforms) = preSolution
		Debug|Any CPU = Debug|Any CPU
		Release|Any CPU = Release|Any CPU
	EndGlobalSection
	GlobalSection(ProjectConfigurationPlatforms) = postSolution
		{EF71CFBB-59B3-4638-BD6E-5BACF74B569F}.Debug|Any CPU.ActiveCfg = Debug|Any CPU
		{EF71CFBB-59B3-4638-BD6E-5BACF74B569F}.Debug|Any CPU.Build.0 = Debug|Any CPU
		{EF71CFBB-59B3-4638-BD6E-5BACF74B569F}.Release|Any CPU.ActiveCfg = Release|Any CPU
		{EF71CFBB-59B3-4638-BD6E-5BACF74B569F}.Release|Any CPU.Build.0 = Release|Any CPU
	EndGlobalSection
	GlobalSection(SolutionProperties) = preSolution
		HideSolutionNode = FALSE
	EndGlobalSection
	GlobalSection(ExtensibilityGlobals) = postSolution
		SolutionGuid = {AF9CFD41-2812-49A5-BC3C-D1AE0E78DBBC}
	EndGlobalSection
EndGlobal
